Microsoft Visual Studio Solution File, Format Version 12.00
# Visual Studio Version 16
VisualStudioVersion = 16.0.29409.12
MinimumVisualStudioVersion = 10.0.40219.1
Project("{FAE04EC0-301F-11D3-BF4B-00C04F79EFBC}") = "LaunchControl", "LaunchControl\LaunchControl.csproj", "{BA775859-7E02-468F-8F92-277A820A888A}"
EndProject
Project("{D954291E-2A0B-460D-934E-DC6B0785DB48}") = "SharedProject", "SharedProject\SharedProject.shproj", "{0CF6E1A8-029C-4879-9D8E-A4DBBD1E38DC}"
EndProject
Project("{FAE04EC0-301F-11D3-BF4B-00C04F79EFBC}") = "SuicideBurn", "SuicideBurn\SuicideBurn.csproj", "{EB7A9A35-B786-430B-B4CC-C97FC083EBB7}"
EndProject
Project("{FAE04EC0-301F-11D3-BF4B-00C04F79EFBC}") = "BlastDoor", "BlastDoor\BlastDoor.csproj", "{C2BAFD8E-7675-4777-9F94-D534B609B8C3}"
EndProject
Project("{FAE04EC0-301F-11D3-BF4B-00C04F79EFBC}") = "Transmitter", "Transmitter\Transmitter.csproj", "{8AB63DA2-1C44-44C0-86E4-D32EC82924BC}"
EndProject
Project("{2150E333-8FDC-42A3-9474-1A3956D46DE8}") = "Solution Items", "Solution Items", "{5E53BB19-CB80-4070-B105-FF480CD45B68}"
	ProjectSection(SolutionItems) = preProject
		.editorconfig = .editorconfig
	EndProjectSection
EndProject
Global
	GlobalSection(SharedMSBuildProjectFiles) = preSolution
		SharedProject\SharedProject.projitems*{0cf6e1a8-029c-4879-9d8e-a4dbbd1e38dc}*SharedItemsImports = 13
		SharedProject\SharedProject.projitems*{8ab63da2-1c44-44c0-86e4-d32ec82924bc}*SharedItemsImports = 4
		SharedProject\SharedProject.projitems*{ba775859-7e02-468f-8f92-277a820a888a}*SharedItemsImports = 4
		SharedProject\SharedProject.projitems*{c2bafd8e-7675-4777-9f94-d534b609b8c3}*SharedItemsImports = 4
		SharedProject\SharedProject.projitems*{eb7a9a35-b786-430b-b4cc-c97fc083ebb7}*SharedItemsImports = 4
	EndGlobalSection
	GlobalSection(SolutionConfigurationPlatforms) = preSolution
		Debug|x64 = Debug|x64
	EndGlobalSection
	GlobalSection(ProjectConfigurationPlatforms) = postSolution
		{BA775859-7E02-468F-8F92-277A820A888A}.Debug|x64.ActiveCfg = Debug|x64
		{BA775859-7E02-468F-8F92-277A820A888A}.Debug|x64.Build.0 = Debug|x64
		{EB7A9A35-B786-430B-B4CC-C97FC083EBB7}.Debug|x64.ActiveCfg = Debug|x64
		{EB7A9A35-B786-430B-B4CC-C97FC083EBB7}.Debug|x64.Build.0 = Debug|x64
		{C2BAFD8E-7675-4777-9F94-D534B609B8C3}.Debug|x64.ActiveCfg = Debug|x64
		{C2BAFD8E-7675-4777-9F94-D534B609B8C3}.Debug|x64.Build.0 = Debug|x64
		{8AB63DA2-1C44-44C0-86E4-D32EC82924BC}.Debug|x64.ActiveCfg = Debug|x64
		{8AB63DA2-1C44-44C0-86E4-D32EC82924BC}.Debug|x64.Build.0 = Debug|x64
	EndGlobalSection
	GlobalSection(SolutionProperties) = preSolution
		HideSolutionNode = FALSE
	EndGlobalSection
	GlobalSection(ExtensibilityGlobals) = postSolution
		SolutionGuid = {A6AFED89-703B-4A8A-B80A-23B155501E0C}
	EndGlobalSection
EndGlobal
